%{
  "combination": {:hex, :combination, "0.0.3", "746aedca63d833293ec6e835aa1f34974868829b1486b1e1cb0685f0b2ae1f41", [:mix], [], "hexpm", "72b099f463df42ef7dc6371d250c7070b57b6c5902853f69deb894f79eda18ca"},
  "libgraph": {:hex, :libgraph, "0.16.0", "3936f3eca6ef826e08880230f806bfea13193e49bf153f93edcf0239d4fd1d07", [:mix], [], "hexpm", "41ca92240e8a4138c30a7e06466acc709b0cbb795c643e9e17174a178982d6bf"},
  "math": {:hex, :math, "0.6.0", "69325af99e600123f6d994833502f6d063a2fa8f2786a3c0461fe6c6123a5166", [:mix], [], "hexpm", "2c73a64d64f719ee1f2821d382f3ed63e8e9564e5176d1c8aa777aac49b41bf7"},
  "pathex": {:hex, :pathex, "2.6.0", "06fad5aaf81b2505698436e68e9f26a4cab3fab66aab10ff294e72974830fad1", [:mix], [], "hexpm", "359256d4748f598b6808a0acf18324e28511f5c057a4acdc5e0727d995d52c07"},
}
